
Microsoft Visual Studio Solution File, Format Version 12.00
# Visual Studio 2013
VisualStudioVersion = 12.0.31101.0
MinimumVisualStudioVersion = 10.0.40219.1
Project("{FAE04EC0-301F-11D3-BF4B-00C04F79EFBC}") = "VehicleManageApp", "VehicleManageApp\VehicleManageApp\VehicleManageApp.csproj", "{8470BF39-0806-447D-91F6-BEBA862BAF08}"
EndProject
Project("{FAE04EC0-301F-11D3-BF4B-00C04F79EFBC}") = "VehicleManageApp.iOS", "VehicleManageApp\VehicleManageApp.iOS\VehicleManageApp.iOS.csproj", "{E7B95CCA-779C-46FF-AAAC-5E1D0AC73FC1}"
EndProject
Project("{FAE04EC0-301F-11D3-BF4B-00C04F79EFBC}") = "VehicleManageApp.Droid", "VehicleManageApp\VehicleManageApp.Droid\VehicleManageApp.Droid.csproj", "{DEC9558C-E54B-471C-B058-03B60E9A52AD}"
EndProject
Project("{FAE04EC0-301F-11D3-BF4B-00C04F79EFBC}") = "VehicleManageApp.WinPhone", "VehicleManageApp\VehicleManageApp.WinPhone\VehicleManageApp.WinPhone.csproj", "{DFFD9D72-67AE-4940-86A2-0DF1BB821417}"
EndProject
Global
	GlobalSection(SolutionConfigurationPlatforms) = preSolution
		Ad-Hoc|Any CPU = Ad-Hoc|Any CPU
		Ad-Hoc|ARM = Ad-Hoc|ARM
		Ad-Hoc|iPhone = Ad-Hoc|iPhone
		Ad-Hoc|iPhoneSimulator = Ad-Hoc|iPhoneSimulator
		Ad-Hoc|Mixed Platforms = Ad-Hoc|Mixed Platforms
		Ad-Hoc|x86 = Ad-Hoc|x86
		AppStore|Any CPU = AppStore|Any CPU
		AppStore|ARM = AppStore|ARM
		AppStore|iPhone = AppStore|iPhone
		AppStore|iPhoneSimulator = AppStore|iPhoneSimulator
		AppStore|Mixed Platforms = AppStore|Mixed Platforms
		AppStore|x86 = AppStore|x86
		Debug|Any CPU = Debug|Any CPU
		Debug|ARM = Debug|ARM
		Debug|iPhone = Debug|iPhone
		Debug|iPhoneSimulator = Debug|iPhoneSimulator
		Debug|Mixed Platforms = Debug|Mixed Platforms
		Debug|x86 = Debug|x86
		Release|Any CPU = Release|Any CPU
		Release|ARM = Release|ARM
		Release|iPhone = Release|iPhone
		Release|iPhoneSimulator = Release|iPhoneSimulator
		Release|Mixed Platforms = Release|Mixed Platforms
		Release|x86 = Release|x86
	EndGlobalSection
	GlobalSection(ProjectConfigurationPlatforms) = postSolution
		{8470BF39-0806-447D-91F6-BEBA862BAF08}.Ad-Hoc|Any CPU.ActiveCfg = Release|Any CPU
		{8470BF39-0806-447D-91F6-BEBA862BAF08}.Ad-Hoc|Any CPU.Build.0 = Release|Any CPU
		{8470BF39-0806-447D-91F6-BEBA862BAF08}.Ad-Hoc|ARM.ActiveCfg = Release|Any CPU
		{8470BF39-0806-447D-91F6-BEBA862BAF08}.Ad-Hoc|iPhone.ActiveCfg = Release|Any CPU
		{8470BF39-0806-447D-91F6-BEBA862BAF08}.Ad-Hoc|iPhoneSimulator.ActiveCfg = Release|Any CPU
		{8470BF39-0806-447D-91F6-BEBA862BAF08}.Ad-Hoc|Mixed Platforms.ActiveCfg = Release|Any CPU
		{8470BF39-0806-447D-91F6-BEBA862BAF08}.Ad-Hoc|Mixed Platforms.Build.0 = Release|Any CPU
		{8470BF39-0806-447D-91F6-BEBA862BAF08}.Ad-Hoc|x86.ActiveCfg = Release|Any CPU
		{8470BF39-0806-447D-91F6-BEBA862BAF08}.AppStore|Any CPU.ActiveCfg = Release|Any CPU
		{8470BF39-0806-447D-91F6-BEBA862BAF08}.AppStore|Any CPU.Build.0 = Release|Any CPU
		{8470BF39-0806-447D-91F6-BEBA862BAF08}.AppStore|ARM.ActiveCfg = Release|Any CPU
		{8470BF39-0806-447D-91F6-BEBA862BAF08}.AppStore|iPhone.ActiveCfg = Release|Any CPU
		{8470BF39-0806-447D-91F6-BEBA862BAF08}.AppStore|iPhoneSimulator.ActiveCfg = Release|Any CPU
		{8470BF39-0806-447D-91F6-BEBA862BAF08}.AppStore|Mixed Platforms.ActiveCfg = Release|Any CPU
		{8470BF39-0806-447D-91F6-BEBA862BAF08}.AppStore|Mixed Platforms.Build.0 = Release|Any CPU
		{8470BF39-0806-447D-91F6-BEBA862BAF08}.AppStore|x86.ActiveCfg = Release|Any CPU
		{8470BF39-0806-447D-91F6-BEBA862BAF08}.Debug|Any CPU.ActiveCfg = Debug|Any CPU
		{8470BF39-0806-447D-91F6-BEBA862BAF08}.Debug|Any CPU.Build.0 = Debug|Any CPU
		{8470BF39-0806-447D-91F6-BEBA862BAF08}.Debug|ARM.ActiveCfg = Debug|Any CPU
		{8470BF39-0806-447D-91F6-BEBA862BAF08}.Debug|iPhone.ActiveCfg = Debug|Any CPU
		{8470BF39-0806-447D-91F6-BEBA862BAF08}.Debug|iPhoneSimulator.ActiveCfg = Debug|Any CPU
		{8470BF39-0806-447D-91F6-BEBA862BAF08}.Debug|Mixed Platforms.ActiveCfg = Debug|Any CPU
		{8470BF39-0806-447D-91F6-BEBA862BAF08}.Debug|Mixed Platforms.Build.0 = Debug|Any CPU
		{8470BF39-0806-447D-91F6-BEBA862BAF08}.Debug|x86.ActiveCfg = Debug|Any CPU
		{8470BF39-0806-447D-91F6-BEBA862BAF08}.Release|Any CPU.ActiveCfg = Release|Any CPU
		{8470BF39-0806-447D-91F6-BEBA862BAF08}.Release|Any CPU.Build.0 = Release|Any CPU
		{8470BF39-0806-447D-91F6-BEBA862BAF08}.Release|ARM.ActiveCfg = Release|Any CPU
		{8470BF39-0806-447D-91F6-BEBA862BAF08}.Release|iPhone.ActiveCfg = Release|Any CPU
		{8470BF39-0806-447D-91F6-BEBA862BAF08}.Release|iPhoneSimulator.ActiveCfg = Release|Any CPU
		{8470BF39-0806-447D-91F6-BEBA862BAF08}.Release|Mixed Platforms.ActiveCfg = Release|Any CPU
		{8470BF39-0806-447D-91F6-BEBA862BAF08}.Release|Mixed Platforms.Build.0 = Release|Any CPU
		{8470BF39-0806-447D-91F6-BEBA862BAF08}.Release|x86.ActiveCfg = Release|Any CPU
		{E7B95CCA-779C-46FF-AAAC-5E1D0AC73FC1}.Ad-Hoc|Any CPU.ActiveCfg = Ad-Hoc|iPhone
		{E7B95CCA-779C-46FF-AAAC-5E1D0AC73FC1}.Ad-Hoc|ARM.ActiveCfg = Ad-Hoc|iPhone
		{E7B95CCA-779C-46FF-AAAC-5E1D0AC73FC1}.Ad-Hoc|iPhone.ActiveCfg = Ad-Hoc|iPhone
		{E7B95CCA-779C-46FF-AAAC-5E1D0AC73FC1}.Ad-Hoc|iPhone.Build.0 = Ad-Hoc|iPhone
		{E7B95CCA-779C-46FF-AAAC-5E1D0AC73FC1}.Ad-Hoc|iPhoneSimulator.ActiveCfg = Ad-Hoc|iPhoneSimulator
		{E7B95CCA-779C-46FF-AAAC-5E1D0AC73FC1}.Ad-Hoc|iPhoneSimulator.Build.0 = Ad-Hoc|iPhoneSimulator
		{E7B95CCA-779C-46FF-AAAC-5E1D0AC73FC1}.Ad-Hoc|Mixed Platforms.ActiveCfg = Ad-Hoc|iPhone
		{E7B95CCA-779C-46FF-AAAC-5E1D0AC73FC1}.Ad-Hoc|Mixed Platforms.Build.0 = Ad-Hoc|iPhone
		{E7B95CCA-779C-46FF-AAAC-5E1D0AC73FC1}.Ad-Hoc|x86.ActiveCfg = Ad-Hoc|iPhone
		{E7B95CCA-779C-46FF-AAAC-5E1D0AC73FC1}.AppStore|Any CPU.ActiveCfg = AppStore|iPhone
		{E7B95CCA-779C-46FF-AAAC-5E1D0AC73FC1}.AppStore|ARM.ActiveCfg = AppStore|iPhone
		{E7B95CCA-779C-46FF-AAAC-5E1D0AC73FC1}.AppStore|iPhone.ActiveCfg = AppStore|iPhone
		{E7B95CCA-779C-46FF-AAAC-5E1D0AC73FC1}.AppStore|iPhone.Build.0 = AppStore|iPhone
		{E7B95CCA-779C-46FF-AAAC-5E1D0AC73FC1}.AppStore|iPhoneSimulator.ActiveCfg = AppStore|iPhoneSimulator
		{E7B95CCA-779C-46FF-AAAC-5E1D0AC73FC1}.AppStore|iPhoneSimulator.Build.0 = AppStore|iPhoneSimulator
		{E7B95CCA-779C-46FF-AAAC-5E1D0AC73FC1}.AppStore|Mixed Platforms.ActiveCfg = AppStore|iPhone
		{E7B95CCA-779C-46FF-AAAC-5E1D0AC73FC1}.AppStore|Mixed Platforms.Build.0 = AppStore|iPhone
		{E7B95CCA-779C-46FF-AAAC-5E1D0AC73FC1}.AppStore|x86.ActiveCfg = AppStore|iPhone
		{E7B95CCA-779C-46FF-AAAC-5E1D0AC73FC1}.Debug|Any CPU.ActiveCfg = Debug|iPhone
		{E7B95CCA-779C-46FF-AAAC-5E1D0AC73FC1}.Debug|ARM.ActiveCfg = Debug|iPhone
		{E7B95CCA-779C-46FF-AAAC-5E1D0AC73FC1}.Debug|iPhone.ActiveCfg = Debug|iPhone
		{E7B95CCA-779C-46FF-AAAC-5E1D0AC73FC1}.Debug|iPhone.Build.0 = Debug|iPhone
		{E7B95CCA-779C-46FF-AAAC-5E1D0AC73FC1}.Debug|iPhoneSimulator.ActiveCfg = Debug|iPhoneSimulator
		{E7B95CCA-779C-46FF-AAAC-5E1D0AC73FC1}.Debug|iPhoneSimulator.Build.0 = Debug|iPhoneSimulator
		{E7B95CCA-779C-46FF-AAAC-5E1D0AC73FC1}.Debug|Mixed Platforms.ActiveCfg = Debug|iPhone
		{E7B95CCA-779C-46FF-AAAC-5E1D0AC73FC1}.Debug|Mixed Platforms.Build.0 = Debug|iPhone
		{E7B95CCA-779C-46FF-AAAC-5E1D0AC73FC1}.Debug|x86.ActiveCfg = Debug|iPhone
		{E7B95CCA-779C-46FF-AAAC-5E1D0AC73FC1}.Release|Any CPU.ActiveCfg = Release|iPhone
		{E7B95CCA-779C-46FF-AAAC-5E1D0AC73FC1}.Release|ARM.ActiveCfg = Release|iPhone
		{E7B95CCA-779C-46FF-AAAC-5E1D0AC73FC1}.Release|iPhone.ActiveCfg = Release|iPhone
		{E7B95CCA-779C-46FF-AAAC-5E1D0AC73FC1}.Release|iPhone.Build.0 = Release|iPhone
		{E7B95CCA-779C-46FF-AAAC-5E1D0AC73FC1}.Release|iPhoneSimulator.ActiveCfg = Release|iPhoneSimulator
		{E7B95CCA-779C-46FF-AAAC-5E1D0AC73FC1}.Release|iPhoneSimulator.Build.0 = Release|iPhoneSimulator
		{E7B95CCA-779C-46FF-AAAC-5E1D0AC73FC1}.Release|Mixed Platforms.ActiveCfg = Release|iPhone
		{E7B95CCA-779C-46FF-AAAC-5E1D0AC73FC1}.Release|Mixed Platforms.Build.0 = Release|iPhone
		{E7B95CCA-779C-46FF-AAAC-5E1D0AC73FC1}.Release|x86.ActiveCfg = Release|iPhone
		{DEC9558C-E54B-471C-B058-03B60E9A52AD}.Ad-Hoc|Any CPU.ActiveCfg = Release|Any CPU
		{DEC9558C-E54B-471C-B058-03B60E9A52AD}.Ad-Hoc|Any CPU.Build.0 = Release|Any CPU
		{DEC9558C-E54B-471C-B058-03B60E9A52AD}.Ad-Hoc|Any CPU.Deploy.0 = Release|Any CPU
		{DEC9558C-E54B-471C-B058-03B60E9A52AD}.Ad-Hoc|ARM.ActiveCfg = Release|Any CPU
		{DEC9558C-E54B-471C-B058-03B60E9A52AD}.Ad-Hoc|iPhone.ActiveCfg = Release|Any CPU
		{DEC9558C-E54B-471C-B058-03B60E9A52AD}.Ad-Hoc|iPhoneSimulator.ActiveCfg = Release|Any CPU
		{DEC9558C-E54B-471C-B058-03B60E9A52AD}.Ad-Hoc|Mixed Platforms.ActiveCfg = Release|Any CPU
		{DEC9558C-E54B-471C-B058-03B60E9A52AD}.Ad-Hoc|Mixed Platforms.Build.0 = Release|Any CPU
		{DEC9558C-E54B-471C-B058-03B60E9A52AD}.Ad-Hoc|Mixed Platforms.Deploy.0 = Release|Any CPU
		{DEC9558C-E54B-471C-B058-03B60E9A52AD}.Ad-Hoc|x86.ActiveCfg = Release|Any CPU
		{DEC9558C-E54B-471C-B058-03B60E9A52AD}.AppStore|Any CPU.ActiveCfg = Release|Any CPU
		{DEC9558C-E54B-471C-B058-03B60E9A52AD}.AppStore|Any CPU.Build.0 = Release|Any CPU
		{DEC9558C-E54B-471C-B058-03B60E9A52AD}.AppStore|Any CPU.Deploy.0 = Release|Any CPU
		{DEC9558C-E54B-471C-B058-03B60E9A52AD}.AppStore|ARM.ActiveCfg = Release|Any CPU
		{DEC9558C-E54B-471C-B058-03B60E9A52AD}.AppStore|iPhone.ActiveCfg = Release|Any CPU
		{DEC9558C-E54B-471C-B058-03B60E9A52AD}.AppStore|iPhoneSimulator.ActiveCfg = Release|Any CPU
		{DEC9558C-E54B-471C-B058-03B60E9A52AD}.AppStore|Mixed Platforms.ActiveCfg = Release|Any CPU
		{DEC9558C-E54B-471C-B058-03B60E9A52AD}.AppStore|Mixed Platforms.Build.0 = Release|Any CPU
		{DEC9558C-E54B-471C-B058-03B60E9A52AD}.AppStore|Mixed Platforms.Deploy.0 = Release|Any CPU
		{DEC9558C-E54B-471C-B058-03B60E9A52AD}.AppStore|x86.ActiveCfg = Release|Any CPU
		{DEC9558C-E54B-471C-B058-03B60E9A52AD}.Debug|Any CPU.ActiveCfg = Debug|Any CPU
		{DEC9558C-E54B-471C-B058-03B60E9A52AD}.Debug|Any CPU.Build.0 = Debug|Any CPU
		{DEC9558C-E54B-471C-B058-03B60E9A52AD}.Debug|Any CPU.Deploy.0 = Debug|Any CPU
		{DEC9558C-E54B-471C-B058-03B60E9A52AD}.Debug|ARM.ActiveCfg = Debug|Any CPU
		{DEC9558C-E54B-471C-B058-03B60E9A52AD}.Debug|iPhone.ActiveCfg = Debug|Any CPU
		{DEC9558C-E54B-471C-B058-03B60E9A52AD}.Debug|iPhoneSimulator.ActiveCfg = Debug|Any CPU
		{DEC9558C-E54B-471C-B058-03B60E9A52AD}.Debug|Mixed Platforms.ActiveCfg = Debug|Any CPU
		{DEC9558C-E54B-471C-B058-03B60E9A52AD}.Debug|Mixed Platforms.Build.0 = Debug|Any CPU
		{DEC9558C-E54B-471C-B058-03B60E9A52AD}.Debug|Mixed Platforms.Deploy.0 = Debug|Any CPU
		{DEC9558C-E54B-471C-B058-03B60E9A52AD}.Debug|x86.ActiveCfg = Debug|Any CPU
		{DEC9558C-E54B-471C-B058-03B60E9A52AD}.Release|Any CPU.ActiveCfg = Release|Any CPU
		{DEC9558C-E54B-471C-B058-03B60E9A52AD}.Release|Any CPU.Build.0 = Release|Any CPU
		{DEC9558C-E54B-471C-B058-03B60E9A52AD}.Release|Any CPU.Deploy.0 = Release|Any CPU
		{DEC9558C-E54B-471C-B058-03B60E9A52AD}.Release|ARM.ActiveCfg = Release|Any CPU
		{DEC9558C-E54B-471C-B058-03B60E9A52AD}.Release|iPhone.ActiveCfg = Release|Any CPU
		{DEC9558C-E54B-471C-B058-03B60E9A52AD}.Release|iPhoneSimulator.ActiveCfg = Release|Any CPU
		{DEC9558C-E54B-471C-B058-03B60E9A52AD}.Release|Mixed Platforms.ActiveCfg = Release|Any CPU
		{DEC9558C-E54B-471C-B058-03B60E9A52AD}.Release|Mixed Platforms.Build.0 = Release|Any CPU
		{DEC9558C-E54B-471C-B058-03B60E9A52AD}.Release|Mixed Platforms.Deploy.0 = Release|Any CPU
		{DEC9558C-E54B-471C-B058-03B60E9A52AD}.Release|x86.ActiveCfg = Release|Any CPU
		{DFFD9D72-67AE-4940-86A2-0DF1BB821417}.Ad-Hoc|Any CPU.ActiveCfg = Release|Any CPU
		{DFFD9D72-67AE-4940-86A2-0DF1BB821417}.Ad-Hoc|Any CPU.Build.0 = Release|Any CPU
		{DFFD9D72-67AE-4940-86A2-0DF1BB821417}.Ad-Hoc|Any CPU.Deploy.0 = Release|Any CPU
		{DFFD9D72-67AE-4940-86A2-0DF1BB821417}.Ad-Hoc|ARM.ActiveCfg = Release|ARM
		{DFFD9D72-67AE-4940-86A2-0DF1BB821417}.Ad-Hoc|ARM.Build.0 = Release|ARM
		{DFFD9D72-67AE-4940-86A2-0DF1BB821417}.Ad-Hoc|ARM.Deploy.0 = Release|ARM
		{DFFD9D72-67AE-4940-86A2-0DF1BB821417}.Ad-Hoc|iPhone.ActiveCfg = Release|Any CPU
		{DFFD9D72-67AE-4940-86A2-0DF1BB821417}.Ad-Hoc|iPhoneSimulator.ActiveCfg = Release|Any CPU
		{DFFD9D72-67AE-4940-86A2-0DF1BB821417}.Ad-Hoc|Mixed Platforms.ActiveCfg = Release|x86
		{DFFD9D72-67AE-4940-86A2-0DF1BB821417}.Ad-Hoc|Mixed Platforms.Build.0 = Release|x86
		{DFFD9D72-67AE-4940-86A2-0DF1BB821417}.Ad-Hoc|Mixed Platforms.Deploy.0 = Release|x86
		{DFFD9D72-67AE-4940-86A2-0DF1BB821417}.Ad-Hoc|x86.ActiveCfg = Release|x86
		{DFFD9D72-67AE-4940-86A2-0DF1BB821417}.Ad-Hoc|x86.Build.0 = Release|x86
		{DFFD9D72-67AE-4940-86A2-0DF1BB821417}.Ad-Hoc|x86.Deploy.0 = Release|x86
		{DFFD9D72-67AE-4940-86A2-0DF1BB821417}.AppStore|Any CPU.ActiveCfg = Release|Any CPU
		{DFFD9D72-67AE-4940-86A2-0DF1BB821417}.AppStore|Any CPU.Build.0 = Release|Any CPU
		{DFFD9D72-67AE-4940-86A2-0DF1BB821417}.AppStore|Any CPU.Deploy.0 = Release|Any CPU
		{DFFD9D72-67AE-4940-86A2-0DF1BB821417}.AppStore|ARM.ActiveCfg = Release|ARM
		{DFFD9D72-67AE-4940-86A2-0DF1BB821417}.AppStore|ARM.Build.0 = Release|ARM
		{DFFD9D72-67AE-4940-86A2-0DF1BB821417}.AppStore|ARM.Deploy.0 = Release|ARM
		{DFFD9D72-67AE-4940-86A2-0DF1BB821417}.AppStore|iPhone.ActiveCfg = Release|Any CPU
		{DFFD9D72-67AE-4940-86A2-0DF1BB821417}.AppStore|iPhoneSimulator.ActiveCfg = Release|Any CPU
		{DFFD9D72-67AE-4940-86A2-0DF1BB821417}.AppStore|Mixed Platforms.ActiveCfg = Release|x86
		{DFFD9D72-67AE-4940-86A2-0DF1BB821417}.AppStore|Mixed Platforms.Build.0 = Release|x86
		{DFFD9D72-67AE-4940-86A2-0DF1BB821417}.AppStore|Mixed Platforms.Deploy.0 = Release|x86
		{DFFD9D72-67AE-4940-86A2-0DF1BB821417}.AppStore|x86.ActiveCfg = Release|x86
		{DFFD9D72-67AE-4940-86A2-0DF1BB821417}.AppStore|x86.Build.0 = Release|x86
		{DFFD9D72-67AE-4940-86A2-0DF1BB821417}.AppStore|x86.Deploy.0 = Release|x86
		{DFFD9D72-67AE-4940-86A2-0DF1BB821417}.Debug|Any CPU.ActiveCfg = Debug|Any CPU
		{DFFD9D72-67AE-4940-86A2-0DF1BB821417}.Debug|Any CPU.Build.0 = Debug|Any CPU
		{DFFD9D72-67AE-4940-86A2-0DF1BB821417}.Debug|Any CPU.Deploy.0 = Debug|Any CPU
		{DFFD9D72-67AE-4940-86A2-0DF1BB821417}.Debug|ARM.ActiveCfg = Debug|ARM
		{DFFD9D72-67AE-4940-86A2-0DF1BB821417}.Debug|ARM.Build.0 = Debug|ARM
		{DFFD9D72-67AE-4940-86A2-0DF1BB821417}.Debug|ARM.Deploy.0 = Debug|ARM
		{DFFD9D72-67AE-4940-86A2-0DF1BB821417}.Debug|iPhone.ActiveCfg = Debug|Any CPU
		{DFFD9D72-67AE-4940-86A2-0DF1BB821417}.Debug|iPhoneSimulator.ActiveCfg = Debug|Any CPU
		{DFFD9D72-67AE-4940-86A2-0DF1BB821417}.Debug|Mixed Platforms.ActiveCfg = Debug|x86
		{DFFD9D72-67AE-4940-86A2-0DF1BB821417}.Debug|Mixed Platforms.Build.0 = Debug|x86
		{DFFD9D72-67AE-4940-86A2-0DF1BB821417}.Debug|Mixed Platforms.Deploy.0 = Debug|x86
		{DFFD9D72-67AE-4940-86A2-0DF1BB821417}.Debug|x86.ActiveCfg = Debug|x86
		{DFFD9D72-67AE-4940-86A2-0DF1BB821417}.Debug|x86.Build.0 = Debug|x86
		{DFFD9D72-67AE-4940-86A2-0DF1BB821417}.Debug|x86.Deploy.0 = Debug|x86
		{DFFD9D72-67AE-4940-86A2-0DF1BB821417}.Release|Any CPU.ActiveCfg = Release|Any CPU
		{DFFD9D72-67AE-4940-86A2-0DF1BB821417}.Release|Any CPU.Build.0 = Release|Any CPU
		{DFFD9D72-67AE-4940-86A2-0DF1BB821417}.Release|Any CPU.Deploy.0 = Release|Any CPU
		{DFFD9D72-67AE-4940-86A2-0DF1BB821417}.Release|ARM.ActiveCfg = Release|ARM
		{DFFD9D72-67AE-4940-86A2-0DF1BB821417}.Release|ARM.Build.0 = Release|ARM
		{DFFD9D72-67AE-4940-86A2-0DF1BB821417}.Release|ARM.Deploy.0 = Release|ARM
		{DFFD9D72-67AE-4940-86A2-0DF1BB821417}.Release|iPhone.ActiveCfg = Release|Any CPU
		{DFFD9D72-67AE-4940-86A2-0DF1BB821417}.Release|iPhoneSimulator.ActiveCfg = Release|Any CPU
		{DFFD9D72-67AE-4940-86A2-0DF1BB821417}.Release|Mixed Platforms.ActiveCfg = Release|x86
		{DFFD9D72-67AE-4940-86A2-0DF1BB821417}.Release|Mixed Platforms.Build.0 = Release|x86
		{DFFD9D72-67AE-4940-86A2-0DF1BB821417}.Release|Mixed Platforms.Deploy.0 = Release|x86
		{DFFD9D72-67AE-4940-86A2-0DF1BB821417}.Release|x86.ActiveCfg = Release|x86
		{DFFD9D72-67AE-4940-86A2-0DF1BB821417}.Release|x86.Build.0 = Release|x86
		{DFFD9D72-67AE-4940-86A2-0DF1BB821417}.Release|x86.Deploy.0 = Release|x86
	EndGlobalSection
	GlobalSection(SolutionProperties) = preSolution
		HideSolutionNode = FALSE
	EndGlobalSection
EndGlobal
